
Microsoft Visual Studio Solution File, Format Version 12.00
# Visual Studio Version 17
VisualStudioVersion = 17.6.33815.320
MinimumVisualStudioVersion = 10.0.40219.1
Project("{2150E333-8FDC-42A3-9474-1A3956D46DE8}") = "src", "src", "{A152AE60-DE96-41D3-883D-ED16EE2684DC}"
EndProject
Project("{2150E333-8FDC-42A3-9474-1A3956D46DE8}") = "Core", "Core", "{3BEA5B23-AF58-4186-AC53-8E37BAF4526C}"
EndProject
Project("{2150E333-8FDC-42A3-9474-1A3956D46DE8}") = "Infraestructure", "Infraestructure", "{7087724A-D6B1-4071-B209-D26D207AE822}"
EndProject
Project("{2150E333-8FDC-42A3-9474-1A3956D46DE8}") = "Presentation", "Presentation", "{C36C9569-BF79-494D-A286-A4E42EC73B0C}"
EndProject
Project("{9A19103F-16F7-4668-BE54-9A1E7A4F7556}") = "Application", "Application\Application.csproj", "{45692C22-5B87-44C4-80C7-0E6F44140D52}"
EndProject
Project("{9A19103F-16F7-4668-BE54-9A1E7A4F7556}") = "Domain", "Domain\Domain.csproj", "{83E4465A-1E15-44DF-86F7-C898E3628B38}"
EndProject
Project("{9A19103F-16F7-4668-BE54-9A1E7A4F7556}") = "Persistance", "Persistance\Persistance.csproj", "{41F0E3A7-481D-4F58-A385-A5DF996F1997}"
	ProjectSection(ProjectDependencies) = postProject
		{45692C22-5B87-44C4-80C7-0E6F44140D52} = {45692C22-5B87-44C4-80C7-0E6F44140D52}
	EndProjectSection
EndProject
Project("{9A19103F-16F7-4668-BE54-9A1E7A4F7556}") = "Shared", "Shared\Shared.csproj", "{0EA46A94-2B1C-49F9-A276-6B21E5E40BD8}"
EndProject
Project("{9A19103F-16F7-4668-BE54-9A1E7A4F7556}") = "WebAPI", "WebAPI\WebAPI.csproj", "{9308213D-C95C-440B-B901-6C28386906BB}"
	ProjectSection(ProjectDependencies) = postProject
		{41F0E3A7-481D-4F58-A385-A5DF996F1997} = {41F0E3A7-481D-4F58-A385-A5DF996F1997}
	EndProjectSection
EndProject
Global
	GlobalSection(SolutionConfigurationPlatforms) = preSolution
		Debug|Any CPU = Debug|Any CPU
		Release|Any CPU = Release|Any CPU
	EndGlobalSection
	GlobalSection(ProjectConfigurationPlatforms) = postSolution
		{45692C22-5B87-44C4-80C7-0E6F44140D52}.Debug|Any CPU.ActiveCfg = Debug|Any CPU
		{45692C22-5B87-44C4-80C7-0E6F44140D52}.Debug|Any CPU.Build.0 = Debug|Any CPU
		{45692C22-5B87-44C4-80C7-0E6F44140D52}.Release|Any CPU.ActiveCfg = Release|Any CPU
		{45692C22-5B87-44C4-80C7-0E6F44140D52}.Release|Any CPU.Build.0 = Release|Any CPU
		{83E4465A-1E15-44DF-86F7-C898E3628B38}.Debug|Any CPU.ActiveCfg = Debug|Any CPU
		{83E4465A-1E15-44DF-86F7-C898E3628B38}.Debug|Any CPU.Build.0 = Debug|Any CPU
		{83E4465A-1E15-44DF-86F7-C898E3628B38}.Release|Any CPU.ActiveCfg = Release|Any CPU
		{83E4465A-1E15-44DF-86F7-C898E3628B38}.Release|Any CPU.Build.0 = Release|Any CPU
		{41F0E3A7-481D-4F58-A385-A5DF996F1997}.Debug|Any CPU.ActiveCfg = Debug|Any CPU
		{41F0E3A7-481D-4F58-A385-A5DF996F1997}.Debug|Any CPU.Build.0 = Debug|Any CPU
		{41F0E3A7-481D-4F58-A385-A5DF996F1997}.Release|Any CPU.ActiveCfg = Release|Any CPU
		{41F0E3A7-481D-4F58-A385-A5DF996F1997}.Release|Any CPU.Build.0 = Release|Any CPU
		{0EA46A94-2B1C-49F9-A276-6B21E5E40BD8}.Debug|Any CPU.ActiveCfg = Debug|Any CPU
		{0EA46A94-2B1C-49F9-A276-6B21E5E40BD8}.Debug|Any CPU.Build.0 = Debug|Any CPU
		{0EA46A94-2B1C-49F9-A276-6B21E5E40BD8}.Release|Any CPU.ActiveCfg = Release|Any CPU
		{0EA46A94-2B1C-49F9-A276-6B21E5E40BD8}.Release|Any CPU.Build.0 = Release|Any CPU
		{9308213D-C95C-440B-B901-6C28386906BB}.Debug|Any CPU.ActiveCfg = Debug|Any CPU
		{9308213D-C95C-440B-B901-6C28386906BB}.Debug|Any CPU.Build.0 = Debug|Any CPU
		{9308213D-C95C-440B-B901-6C28386906BB}.Release|Any CPU.ActiveCfg = Release|Any CPU
		{9308213D-C95C-440B-B901-6C28386906BB}.Release|Any CPU.Build.0 = Release|Any CPU
	EndGlobalSection
	GlobalSection(SolutionProperties) = preSolution
		HideSolutionNode = FALSE
	EndGlobalSection
	GlobalSection(NestedProjects) = preSolution
		{3BEA5B23-AF58-4186-AC53-8E37BAF4526C} = {A152AE60-DE96-41D3-883D-ED16EE2684DC}
		{7087724A-D6B1-4071-B209-D26D207AE822} = {A152AE60-DE96-41D3-883D-ED16EE2684DC}
		{C36C9569-BF79-494D-A286-A4E42EC73B0C} = {A152AE60-DE96-41D3-883D-ED16EE2684DC}
		{45692C22-5B87-44C4-80C7-0E6F44140D52} = {3BEA5B23-AF58-4186-AC53-8E37BAF4526C}
		{83E4465A-1E15-44DF-86F7-C898E3628B38} = {3BEA5B23-AF58-4186-AC53-8E37BAF4526C}
		{41F0E3A7-481D-4F58-A385-A5DF996F1997} = {7087724A-D6B1-4071-B209-D26D207AE822}
		{0EA46A94-2B1C-49F9-A276-6B21E5E40BD8} = {7087724A-D6B1-4071-B209-D26D207AE822}
		{9308213D-C95C-440B-B901-6C28386906BB} = {C36C9569-BF79-494D-A286-A4E42EC73B0C}
	EndGlobalSection
	GlobalSection(ExtensibilityGlobals) = postSolution
		SolutionGuid = {38A2FD8D-28BF-46C4-9872-74E442629586}
	EndGlobalSection
EndGlobal
